<?xml version="1.0" encoding="utf-8"?>
<Project ToolsVersion="4.0" xmlns="http://schemas.microsoft.com/developer/msbuild/2003">
  <ItemGroup>
    <Filter Include="Source Files">
      <UniqueIdentifier>{4FC737F1-C7A5-4376-A066-2A32D752A2FF}</UniqueIdentifier>
      <Extensions>cpp;c;cc;cxx;def;odl;idl;hpj;bat;asm;asmx</Extensions>
    </Filter>
    <Filter Include="Header Files">
      <UniqueIdentifier>{93995380-89BD-4b04-88EB-625FBE52EBFB}</UniqueIdentifier>
      <Extensions>h;hh;hpp;hxx;hm;inl;inc;xsd</Extensions>
    </Filter>
    <Filter Include="Resource Files">
      <UniqueIdentifier>{67DA6AB6-F800-4c08-8B7A-83BB121AAD01}</UniqueIdentifier>
      <Extensions>rc;ico;cur;bmp;dlg;rc2;rct;bin;rgs;gif;jpg;jpeg;jpe;resx;tiff;tif;png;wav;mfcribbon-ms</Extensions>
    </Filter>
    <Filter Include="Source Files\vkh">
      <UniqueIdentifier>{eaa08c56-09ec-4b6e-b971-03944fb53f30}</UniqueIdentifier>
    </Filter>
    <Filter Include="Header Files\vkh">
      <UniqueIdentifier>{e5618266-37d9-45ef-ae3d-9e7ab24afb8e}</UniqueIdentifier>
    </Filter>
    <Filter Include="Source Files\os">
      <UniqueIdentifier>{5200230f-9789-42f5-a51f-0421ffbe51f1}</UniqueIdentifier>
    </Filter>
    <Filter Include="Header Files\os">
      <UniqueIdentifier>{d7a204c4-f127-4e7f-b248-a1ef48542cf2}</UniqueIdentifier>
    </Filter>
  </ItemGroup>
  <ItemGroup>
    <ClCompile Include="main.cpp">
      <Filter>Source Files</Filter>
    </ClCompile>
    <ClCompile Include="mesh_loading.cpp">
      <Filter>Source Files</Filter>
    </ClCompile>
    <ClCompile Include="vkh_mesh.cpp">
      <Filter>Source Files\vkh</Filter>
    </ClCompile>
    <ClCompile Include="vkh.cpp">
      <Filter>Source Files\vkh</Filter>
    </ClCompile>
    <ClCompile Include="rendering.cpp">
      <Filter>Source Files</Filter>
    </ClCompile>
    <ClCompile Include="os_init.cpp">
      <Filter>Source Files\os</Filter>
    </ClCompile>
    <ClCompile Include="vkh_material.cpp">
      <Filter>Source Files\vkh</Filter>
    </ClCompile>
    <ClCompile Include="file_utils.cpp">
      <Filter>Source Files</Filter>
    </ClCompile>
    <ClCompile Include="camera.cpp">
      <Filter>Source Files</Filter>
    </ClCompile>
    <ClCompile Include="ubo_store.cpp">
      <Filter>Source Files</Filter>
    </ClCompile>
    <ClCompile Include="ssbo_store.cpp">
      <Filter>Source Files</Filter>
    </ClCompile>
    <ClCompile Include="null_store.cpp">
      <Filter>Source Files</Filter>
    </ClCompile>
  </ItemGroup>
  <ItemGroup>
    <ClInclude Include="debug.h">
      <Filter>Header Files</Filter>
    </ClInclude>
    <ClInclude Include="file_utils.h">
      <Filter>Header Files</Filter>
    </ClInclude>
    <ClInclude Include="timing.h">
      <Filter>Header Files</Filter>
    </ClInclude>
    <ClInclude Include="Common.h">
      <Filter>Header Files</Filter>
    </ClInclude>
    <ClInclude Include="mesh_loading.h">
      <Filter>Source Files</Filter>
    </ClInclude>
    <ClInclude Include="vkh.h">
      <Filter>Header Files\vkh</Filter>
    </ClInclude>
    <ClInclude Include="vkh_alloc.h">
      <Filter>Header Files\vkh</Filter>
    </ClInclude>
    <ClInclude Include="vkh_initializers.h">
      <Filter>Header Files\vkh</Filter>
    </ClInclude>
    <ClInclude Include="vkh_material.h">
      <Filter>Header Files\vkh</Filter>
    </ClInclude>
    <ClInclude Include="vkh_mesh.h">
      <Filter>Header Files\vkh</Filter>
    </ClInclude>
    <ClInclude Include="vkh_setup.h">
      <Filter>Header Files\vkh</Filter>
    </ClInclude>
    <ClInclude Include="vkh_texture.h">
      <Filter>Header Files\vkh</Filter>
    </ClInclude>
    <ClInclude Include="vkh_types.h">
      <Filter>Header Files\vkh</Filter>
    </ClInclude>
    <ClInclude Include="rendering.h">
      <Filter>Header Files</Filter>
    </ClInclude>
    <ClInclude Include="os_init.h">
      <Filter>Header Files\os</Filter>
    </ClInclude>
    <ClInclude Include="os_input.h">
      <Filter>Header Files\os</Filter>
    </ClInclude>
    <ClInclude Include="material_loading.h">
      <Filter>Header Files</Filter>
    </ClInclude>
    <ClInclude Include="camera.h">
      <Filter>Source Files</Filter>
    </ClInclude>
    <ClInclude Include="config.h">
      <Filter>Header Files</Filter>
    </ClInclude>
    <ClInclude Include="ubo_store.h">
      <Filter>Header Files</Filter>
    </ClInclude>
    <ClInclude Include="ssbo_store.h">
      <Filter>Header Files</Filter>
    </ClInclude>
    <ClInclude Include="shader_inputs.h">
      <Filter>Header Files</Filter>
    </ClInclude>
    <ClInclude Include="null_store.h">
      <Filter>Header Files</Filter>
    </ClInclude>
  </ItemGroup>
  <ItemGroup>
    <None Include="..\data\shader\common_vert.vert">
      <Filter>Resource Files</Filter>
    </None>
    <None Include="..\data\shader\debug_uvs.frag">
      <Filter>Resource Files</Filter>
    </None>
    <None Include="..\data\shader\ubo_array.vert">
      <Filter>Resource Files</Filter>
    </None>
    <None Include="..\data\shader\debug_normals.frag">
      <Filter>Resource Files</Filter>
    </None>
    <None Include="..\data\shader\ssbo_array.vert">
      <Filter>Resource Files</Filter>
    </None>
    <None Include="..\data\shader\dynamic_ubo.vert">
      <Filter>Resource Files</Filter>
    </None>
    <None Include="..\data\shader\ssbo_array_511.vert">
      <Filter>Resource Files</Filter>
    </None>
  </ItemGroup>
</Project>